--- 
dependencies: 
  haml: 
    group: 
    - :default
    version: = 2.2.17
  dm-validations: 
    group: 
    - :default
    version: = 1.0.0.rc3
  uuidtools: 
    group: 
    - :default
    version: = 2.1.1
  data_objects: 
    group: 
    - :default
    version: = 0.10.2
  rake: 
    group: 
    - :default
    version: ">= 0"
  addressable: 
    group: 
    - :default
    version: = 2.1.1
  dm-types: 
    group: 
    - :default
    version: = 1.0.0.rc3
  thor: 
    group: 
    - :default
    version: = 0.9.9
  dm-postgres-adapter: 
    group: 
    - :default
    version: = 1.0.0.rc3
  dm-aggregates: 
    group: 
    - :default
    version: = 1.0.0.rc3
  resque: 
    group: 
    - :default
    version: ">= 0"
  rack: 
    group: 
    - :default
    version: ">= 0"
  dm-core: 
    group: 
    - :default
    version: = 1.0.0.rc3
  dm-timestamps: 
    group: 
    - :default
    version: = 1.0.0.rc3
  json: 
    group: 
    - :default
    version: = 1.1.9
  sinatra: 
    group: 
    - :default
    version: = 1.0.0
  bcrypt-ruby: 
    group: 
    - :default
    version: = 2.1.2
  extlib: 
    group: 
    - :default
    version: = 0.9.15
  shout-bot: 
    group: 
    - :default
    version: ">= 0"
  dm-migrations: 
    group: 
    - :default
    version: = 1.0.0.rc3
  sinatra-authorization: 
    group: 
    - :default
    version: = 1.0.0
specs: 
- rake: 
    version: 0.8.7
- addressable: 
    version: 2.1.1
- bcrypt-ruby: 
    version: 2.1.2
- data_objects: 
    version: 0.10.2
- extlib: 
    version: 0.9.15
- dm-core: 
    version: 1.0.0.rc3
- dm-aggregates: 
    version: 1.0.0.rc3
- dm-do-adapter: 
    version: 1.0.0.rc3
- dm-migrations: 
    version: 1.0.0.rc3
- do_postgres: 
    version: 0.10.2
- dm-postgres-adapter: 
    version: 1.0.0.rc3
- dm-timestamps: 
    version: 1.0.0.rc3
- fastercsv: 
    version: 1.5.3
- json_pure: 
    version: 1.4.3
- stringex: 
    version: 1.1.0
- uuidtools: 
    version: 2.1.1
- dm-types: 
    version: 1.0.0.rc3
- dm-validations: 
    version: 1.0.0.rc3
- haml: 
    version: 2.2.17
- json: 
    version: 1.1.9
- rack: 
    version: 1.1.0
- redis: 
    version: 1.0.7
- redis-namespace: 
    version: 0.4.4
- sinatra: 
    version: "1.0"
- vegas: 
    version: 0.1.7
- resque: 
    version: 1.8.5
- shout-bot: 
    version: 0.0.4
- sinatra-authorization: 
    version: 1.0.0
- thor: 
    version: 0.9.9
hash: 250f500c231dfa9816750deb2c5fa4daf11dec24
sources: 
- Rubygems: 
    uri: http://gemcutter.org
